
Microsoft Visual Studio Solution File, Format Version 12.00
# Visual Studio Version 17
VisualStudioVersion = 17.14.36915.13 d17.14
MinimumVisualStudioVersion = 10.0.40219.1
Project("{888888A0-9F3D-457C-B088-3A5042F75D52}") = "PandaSpa", "PandaSpa.pyproj", "{FEABCE91-786B-4661-B6D9-C765EB90A3C0}"
EndProject
Global
	GlobalSection(SolutionConfigurationPlatforms) = preSolution
		Debug|Any CPU = Debug|Any CPU
		Release|Any CPU = Release|Any CPU
	EndGlobalSection
	GlobalSection(ProjectConfigurationPlatforms) = postSolution
		{FEABCE91-786B-4661-B6D9-C765EB90A3C0}.Debug|Any CPU.ActiveCfg = Debug|Any CPU
		{FEABCE91-786B-4661-B6D9-C765EB90A3C0}.Release|Any CPU.ActiveCfg = Release|Any CPU
	EndGlobalSection
	GlobalSection(SolutionProperties) = preSolution
		HideSolutionNode = FALSE
	EndGlobalSection
	GlobalSection(ExtensibilityGlobals) = postSolution
		SolutionGuid = {10DA267F-50FC-442D-980A-CBADD64EB906}
	EndGlobalSection
EndGlobal
